
Microsoft Visual Studio Solution File, Format Version 12.00
# Visual Studio Version 16
VisualStudioVersion = 16.0.30717.126
MinimumVisualStudioVersion = 10.0.40219.1
Project("{FAE04EC0-301F-11D3-BF4B-00C04F79EFBC}") = "internship-3-oop-intro", "internship-3-oop-intro\internship-3-oop-intro.csproj", "{57AB0361-AE8D-4BE2-8EA7-95080C3B3483}"
EndProject
Global
	GlobalSection(SolutionConfigurationPlatforms) = preSolution
		Debug|Any CPU = Debug|Any CPU
		Release|Any CPU = Release|Any CPU
	EndGlobalSection
	GlobalSection(ProjectConfigurationPlatforms) = postSolution
		{57AB0361-AE8D-4BE2-8EA7-95080C3B3483}.Debug|Any CPU.ActiveCfg = Debug|Any CPU
		{57AB0361-AE8D-4BE2-8EA7-95080C3B3483}.Debug|Any CPU.Build.0 = Debug|Any CPU
		{57AB0361-AE8D-4BE2-8EA7-95080C3B3483}.Release|Any CPU.ActiveCfg = Release|Any CPU
		{57AB0361-AE8D-4BE2-8EA7-95080C3B3483}.Release|Any CPU.Build.0 = Release|Any CPU
	EndGlobalSection
	GlobalSection(SolutionProperties) = preSolution
		HideSolutionNode = FALSE
	EndGlobalSection
	GlobalSection(ExtensibilityGlobals) = postSolution
		SolutionGuid = {E7DB5A29-E4E1-409E-8585-C346E2764956}
	EndGlobalSection
EndGlobal
